
Microsoft Visual Studio Solution File, Format Version 12.00
# Visual Studio Version 17
VisualStudioVersion = 17.8.34309.116
MinimumVisualStudioVersion = 10.0.40219.1
Project("{FAE04EC0-301F-11D3-BF4B-00C04F79EFBC}") = "Practice_task1", "Practice_task1\Practice_task1.csproj", "{B21F3E8C-5ADE-4333-BB5C-1EE35A6D16A8}"
EndProject
Global
	GlobalSection(SolutionConfigurationPlatforms) = preSolution
		Debug|Any CPU = Debug|Any CPU
		Release|Any CPU = Release|Any CPU
	EndGlobalSection
	GlobalSection(ProjectConfigurationPlatforms) = postSolution
		{B21F3E8C-5ADE-4333-BB5C-1EE35A6D16A8}.Debug|Any CPU.ActiveCfg = Debug|Any CPU
		{B21F3E8C-5ADE-4333-BB5C-1EE35A6D16A8}.Debug|Any CPU.Build.0 = Debug|Any CPU
		{B21F3E8C-5ADE-4333-BB5C-1EE35A6D16A8}.Release|Any CPU.ActiveCfg = Release|Any CPU
		{B21F3E8C-5ADE-4333-BB5C-1EE35A6D16A8}.Release|Any CPU.Build.0 = Release|Any CPU
	EndGlobalSection
	GlobalSection(SolutionProperties) = preSolution
		HideSolutionNode = FALSE
	EndGlobalSection
	GlobalSection(ExtensibilityGlobals) = postSolution
		SolutionGuid = {90D0E812-8319-4E04-8A77-6318A2E5B377}
	EndGlobalSection
EndGlobal
